# This file is autogenerated, do not edit; changes may be undone by the next 'dep ensure'.


[[projects]]
  digest = "1:8e47871087b94913898333f37af26732faaab30cdb41571136cf7aec9921dae7"
  name = "github.com/PuerkitoBio/purell"
  packages = ["."]
  pruneopts = ""
  revision = "0bcb03f4b4d0a9428594752bd2a3b9aa0a9d4bd4"
  version = "v1.1.0"

[[projects]]
  branch = "master"
  digest = "1:331a419049c2be691e5ba1d24342fc77c7e767a80c666a18fd8a9f7b82419c1c"
  name = "github.com/PuerkitoBio/urlesc"
  packages = ["."]
  pruneopts = ""
  revision = "de5bf2ad457846296e2031421a34e2568e304e35"

[[projects]]
  digest = "1:80afadfd05cefd407063c0809d333005408a97fbc9e36d54ae737be45278b0cd"
  name = "github.com/alecthomas/gometalinter"
  packages = ["."]
  pruneopts = ""
  revision = "df395bfa67c5d0630d936c0044cf07ff05086655"
  version = "v3.0.0"

[[projects]]
  branch = "master"
  digest = "1:8483994d21404c8a1d489f6be756e25bfccd3b45d65821f25695577791a08e68"
  name = "github.com/alecthomas/units"
  packages = ["."]
  pruneopts = ""
  revision = "2efee857e7cfd4f3d0138cc3cbb1b4966962b93a"

[[projects]]
  digest = "1:37251e285603dd429a07371891a251b036a1a84bc8beaf16e6a04adb1e3e8389"
  name = "github.com/asaskevich/govalidator"
  packages = ["."]
  pruneopts = ""
  revision = "7b3beb6df3c42abd3509abfc3bcacc0fbfb7c877"
  version = "v5"

[[projects]]
  branch = "master"
  digest = "1:3d862e9381a36d1b0a177328d7325b59e1eef4153d51417ef9aa9832af30a56b"
  name = "github.com/chzyer/readline"
  packages = ["."]
  pruneopts = ""
  revision = "6a4bc7b4feaeff8feb63f87d5fb2cf3e3610a559"

[[projects]]
  digest = "1:5dbe34086e4cdfac148938c2f817f004c16e862663d5eb3b773200f70a56cdb9"
  name = "github.com/client9/misspell"
  packages = [
    ".",
    "cmd/misspell",
  ]
  pruneopts = ""
  revision = "59894abde931a32630d4e884a09c682ed20c5c7c"
  version = "v0.3.0"

[[projects]]
  branch = "master"
  digest = "1:c2b25f10f8453e47cab40b91198852256c182df8b976a96cae5faa34683e0fd2"
  name = "github.com/dchest/blake2b"
  packages = ["."]
  pruneopts = ""
  revision = "06006a921c7d13e3fdf63c401cb0e4529a26e6e4"

[[projects]]
  digest = "1:3e93e899f8457138a891b3ccedcacf8fe9074865c848f7028e1892bdae280676"
  name = "github.com/dgrijalva/jwt-go"
  packages = ["."]
  pruneopts = ""
  revision = "dbeaa9332f19a944acb5736b4456cfcc02140e29"
  version = "v3.1.0"

[[projects]]
  digest = "1:9f1e571696860f2b4f8a241b43ce91c6085e7aaed849ccca53f590a4dc7b95bd"
  name = "github.com/fsnotify/fsnotify"
  packages = ["."]
  pruneopts = ""
  revision = "629574ca2a5df945712d3079857300b5e4da0236"
  version = "v1.4.2"

[[projects]]
  branch = "master"
  digest = "1:545882bfd95b0492a03ce7276d3967200b3fe2295b6e5b959c7d8583a7b16835"
  name = "github.com/go-openapi/analysis"
  packages = ["."]
  pruneopts = ""
  revision = "8ed83f2ea9f00f945516462951a288eaa68bf0d6"

[[projects]]
  branch = "master"
  digest = "1:81c1c1a03e6bc19da9956e129eff954d837295bec38ef826e3a28e2eb37885db"
  name = "github.com/go-openapi/errors"
  packages = ["."]
  pruneopts = ""
  revision = "03cfca65330da08a5a440053faf994a3c682b5bf"

[[projects]]
  branch = "master"
  digest = "1:4b9fa735fa783733c60fe0193c906791fea2060e8eddb9b014c1d0c82e8ad2ab"
  name = "github.com/go-openapi/inflect"
  packages = ["."]
  pruneopts = ""
  revision = "b1f6470ffb9c552dc105dd869f16e36ba86ba7d0"

[[projects]]
  branch = "master"
  digest = "1:1287439f7765209116509fffff2b8f853845e4b35572b41a1aadda42cbcffcc2"
  name = "github.com/go-openapi/jsonpointer"
  packages = ["."]
  pruneopts = ""
  revision = "779f45308c19820f1a69e9a4cd965f496e0da10f"

[[projects]]
  branch = "master"
  digest = "1:07ac8ac445f68b0bc063d11845d479fb7e09c906ead7a8c4165b59777df09d74"
  name = "github.com/go-openapi/jsonreference"
  packages = ["."]
  pruneopts = ""
  revision = "36d33bfe519efae5632669801b180bf1a245da3b"

[[projects]]
  branch = "master"
  digest = "1:14e800417c3124f029bb111f300ea0b86943a37dd1029db79eebc8a7f9ff2bfc"
  name = "github.com/go-openapi/loads"
  packages = [
    ".",
    "fmts",
  ]
  pruneopts = ""
  revision = "a80dea3052f00e5f032e860dd7355cd0cc67e24d"

[[projects]]
  branch = "master"
  digest = "1:4bbc0b1b8eeb7fdd61bc14ad87f1c397297625e7370f35fa878c326e79a8e79a"
  name = "github.com/go-openapi/runtime"
  packages = [
    ".",
    "client",
    "middleware",
    "middleware/denco",
    "middleware/header",
    "middleware/untyped",
    "security",
  ]
  pruneopts = ""
  revision = "e66a4c4406028a04ddafd6002c378ffd3db7e52b"

[[projects]]
  branch = "master"
  digest = "1:c94b832c255eb33020a080f0bf38943b09c6465a5214c85b851d691b8f92dd7c"
  name = "github.com/go-openapi/spec"
  packages = ["."]
  pruneopts = ""
  revision = "48c2a7185575f9103a5a3863eff950bb776899d2"

[[projects]]
  branch = "master"
  digest = "1:59eb98aec28a20ae7e65da17bac16b06e4132c735da93c3f71bf6e95fcabdb70"
  name = "github.com/go-openapi/strfmt"
  packages = ["."]
  pruneopts = ""
  revision = "610b6cacdcde6852f4de68998bd20ce1dac85b22"

[[projects]]
  branch = "master"
  digest = "1:36719a3acee94981a22a5572a0e1b7310bae6240e80d665db59eb43efdeb8bea"
  name = "github.com/go-openapi/swag"
  packages = ["."]
  pruneopts = ""
  revision = "f3f9494671f93fcff853e3c6e9e948b3eb71e590"

[[projects]]
  branch = "master"
  digest = "1:572d475e9937f18bdf59dd597033d6558ecfb6e6f58ce7b40dd2d7418f0f5af2"
  name = "github.com/go-openapi/validate"
  packages = ["."]
  pruneopts = ""
  revision = "dc8a684882cf70c9a529887104340f44e0e138e5"

[[projects]]
  digest = "1:1cb028da7651f022780ae85f38afb6bd9c5efa5ac80d244f2ec239c2d85f6e27"
  name = "github.com/go-swagger/go-swagger"
  packages = [
    "cmd/swagger",
    "cmd/swagger/commands",
    "cmd/swagger/commands/generate",
    "cmd/swagger/commands/initcmd",
    "generator",
    "scan",
  ]
  pruneopts = ""
  revision = "fbc64c262a833b40adf3d2cdba241fc4d30664b0"

[[projects]]
  digest = "1:c6a85071666d8cd6f03b34ad69457b3fcee048b16cfd0e203de8e3089f459532"
  name = "github.com/go-zoo/bone"
  packages = ["."]
  pruneopts = ""
  revision = "fd0aebc74e908868b09ac140fb5a53cb363884c1"
  version = "1.2"

[[projects]]
  digest = "1:61416415ed09917c36481eb30d3d5836c7b10e3225f412546a1f7a80fc5b33ce"
  name = "github.com/gobuffalo/packr"
  packages = ["."]
  pruneopts = ""
  revision = "5a2cbb54c4e7d482e3f518c56f1f86f133d5204f"
  version = "v1.13.7"

[[projects]]
  branch = "master"
  digest = "1:3769ba35c72b455e88feb7d67b62ce983f7bc6abc0de04daa1d8b61e1112845e"
  name = "github.com/google/shlex"
  packages = ["."]
  pruneopts = ""
  revision = "6f45313302b9c56850fc17f99e40caebce98c716"

[[projects]]
  branch = "master"
  digest = "1:398508a0d2d77e1fe3d4138877a62c1c8da379af6e9de71c0189e3a9f334191a"
  name = "github.com/gordonklaus/ineffassign"
  packages = ["."]
  pruneopts = ""
  revision = "da3d65debb9bff70fcfb6f277a8db31e8200de20"

[[projects]]
  digest = "1:dbbeb8ddb0be949954c8157ee8439c2adfd8dc1c9510eb44a6e58cb68c3dce28"
  name = "github.com/gorilla/context"
  packages = ["."]
  pruneopts = ""
  revision = "08b5f424b9271eedf6f9f0ce86cb9396ed337a42"
  version = "v1.1.1"

[[projects]]
  digest = "1:8d67570c1797f3144757d5f121c78ff0a7220e8841f14112bb532787162820f8"
  name = "github.com/gorilla/handlers"
  packages = ["."]
  pruneopts = ""
  revision = "a4043c62cc2329bacda331d33fc908ab11ef0ec3"
  version = "v1.2.1"

[[projects]]
  branch = "master"
  digest = "1:9102073b9dc75a26cc6105f667e1db2b19b00525f9f8a2dc37f0c8625288db91"
  name = "github.com/hashicorp/hcl"
  packages = [
    ".",
    "hcl/ast",
    "hcl/parser",
    "hcl/scanner",
    "hcl/strconv",
    "hcl/token",
    "json/parser",
    "json/scanner",
    "json/token",
  ]
  pruneopts = ""
  revision = "42e33e2d55a0ff1d6263f738896ea8c13571a8d0"

[[projects]]
  digest = "1:550e69376be9a028e7a039090d635e949134873c651a74a95a8896552db372b8"
  name = "github.com/jessevdk/go-flags"
  packages = ["."]
  pruneopts = ""
  revision = "96dc06278ce32a0e9d957d590bb987c81ee66407"
  version = "v1.3.0"

[[projects]]
  branch = "master"
  digest = "1:64f5f8bf485b3d3cd37ee61a3452e0f5d91a21497ea70de1c6d111921b3ba83d"
  name = "github.com/juju/ansiterm"
  packages = [
    ".",
    "tabwriter",
  ]
  pruneopts = ""
  revision = "35c59b9e0fe275705a71bf5d58ee293f27efbbc4"

[[projects]]
  branch = "master"
  digest = "1:27c5ce7934e1ca0b03607f974b4d8af35b97fff7e8b2c919eccae7bc3dd4baca"
  name = "github.com/kisielk/gotool"
  packages = [
    ".",
    "internal/load",
  ]
  pruneopts = ""
  revision = "d6ce6262d87e3a4e153e86023ff56ae771554a41"

[[projects]]
  branch = "master"
  digest = "1:591a2778aa6e896980757ea87e659b3aa13d8c0e790310614028463a31c0998b"
  name = "github.com/kr/pretty"
  packages = ["."]
  pruneopts = ""
  revision = "cfb55aafdaf3ec08f0db22699ab822c50091b1c4"

[[projects]]
  branch = "master"
  digest = "1:109e0a9b9e74c5c8adf94a2dc4dd4a9ca2a183d4d87ffecd4e62db69a5ede55a"
  name = "github.com/kr/text"
  packages = ["."]
  pruneopts = ""
  revision = "7cafcd837844e784b526369c9bce262804aebc60"

[[projects]]
  branch = "master"
  digest = "1:a91e7a8e20ce62189e652602f409ae961dccf2a883e131ebb7dc93337a5188e4"
  name = "github.com/lunixbochs/vtclean"
  packages = ["."]
  pruneopts = ""
  revision = "d14193dfc626125c831501c1c42340b4248e1f5a"

[[projects]]
  digest = "1:1ce378ab2352c756c6d7a0172c22ecbd387659d32712a4ce3bc474273309a5dc"
  name = "github.com/magiconair/properties"
  packages = ["."]
  pruneopts = ""
  revision = "be5ece7dd465ab0765a9682137865547526d1dfb"
  version = "v1.7.3"

[[projects]]
  branch = "master"
  digest = "1:93d0cff0bb6598b2174e2b00f27f96e9e927a6769c21a9282de9f4f74c3daee9"
  name = "github.com/mailru/easyjson"
  packages = [
    "buffer",
    "jlexer",
    "jwriter",
  ]
  pruneopts = ""
  revision = "3fd5e860b68f3cc81671ece2e226c78a6bbf54d3"

[[projects]]
  digest = "1:9bc2e4e47a13c022c29b9bf1d9a118f6487fb34485d63b24c1e1c76f0d3da52e"
  name = "github.com/manifoldco/go-base32"
  packages = ["."]
  pruneopts = ""
  revision = "47b2838451516c36d06986c7b85bf1355522ecbb"
  version = "v1.0.3"

[[projects]]
  digest = "1:fdf20a392670c38428ab949d052282336672befe674da875f098c46e401981ca"
  name = "github.com/manifoldco/go-base64"
  packages = ["."]
  pruneopts = ""
  revision = "d8a3bc878677ec951dce1a0065759d2e3a0f4142"
  version = "v1.0.2"

[[projects]]
  digest = "1:de877e6af958c53832a8c2dd1681a0b64549c9329eda00f2144fea307e757b62"
  name = "github.com/manifoldco/go-connector"
  packages = [
    ".",
    "errors",
  ]
  pruneopts = ""
  revision = "d4834402847d103ca5db5edaf31b8eb49def0451"
  version = "v0.0.3"

[[projects]]
  digest = "1:5f9611d12e2d6b76903d474c68ca6faa5922810412358aab56a6e8db2efc6f03"
  name = "github.com/manifoldco/go-jwt"
  packages = ["."]
  pruneopts = ""
  revision = "3523b09ac66324023c0ce662e835570098168118"
  version = "v0.1.2"

[[projects]]
  digest = "1:18a1573138b3798a7a3d1d09b730c9652397bd16189c4a16ae2110598abb2598"
  name = "github.com/manifoldco/go-manifold"
  packages = [
    ".",
    "errors",
    "idtype",
    "names",
    "names/data",
    "number",
  ]
  pruneopts = ""
  revision = "8458bf091a9e8b6242d12d26f08571ca3acc483d"
  version = "v0.10.11"

[[projects]]
  digest = "1:5a6feb5b2776c613e844c260f6555002d52ea849b5b920674ced9d820f7a499d"
  name = "github.com/manifoldco/go-signature"
  packages = ["."]
  pruneopts = ""
  revision = "f2123e23704000c075444396fbe23cdfa0732ddc"
  version = "v1.0.2"

[[projects]]
  branch = "master"
  digest = "1:74082d8597bf7652ef27a523afcfc9f08be370e2586477c30b63c83a26f23803"
  name = "github.com/manifoldco/promptui"
  packages = [
    ".",
    "list",
    "screenbuf",
  ]
  pruneopts = ""
  revision = "35bab80e16a4de256e470efb31775342cec6f3cc"

[[projects]]
  digest = "1:9ea83adf8e96d6304f394d40436f2eb44c1dc3250d223b74088cc253a6cd0a1c"
  name = "github.com/mattn/go-colorable"
  packages = ["."]
  pruneopts = ""
  revision = "167de6bfdfba052fa6b2d3664c8f5272e23c9072"
  version = "v0.0.9"

[[projects]]
  digest = "1:78229b46ddb7434f881390029bd1af7661294af31f6802e0e1bedaad4ab0af3c"
  name = "github.com/mattn/go-isatty"
  packages = ["."]
  pruneopts = ""
  revision = "0360b2af4f38e8d38c7fce2a9f4e702702d73a39"
  version = "v0.0.3"

[[projects]]
  branch = "master"
  digest = "1:c9ede10a9ded782d25d1f0be87c680e11409c23554828f19a19d691a95e76130"
  name = "github.com/mitchellh/mapstructure"
  packages = ["."]
  pruneopts = ""
  revision = "d0303fe809921458f417bcf828397a65db30a7e4"

[[projects]]
  digest = "1:f8091d5008a6b5d64e32ad0c2df5aa3a8bdabac8f4371c6900b45aeb830ccdc5"
  name = "github.com/nicksnyder/go-i18n"
  packages = [
    "i18n",
    "i18n/bundle",
    "i18n/language",
    "i18n/translation",
  ]
  pruneopts = ""
  revision = "ca33e78c8a430e2df435b02f63a3944fa8e9ea11"
  version = "v1.9.0"

[[projects]]
  digest = "1:a4e59d0b2821c983b58c317f141cd77df20570979632da8a7a352e5d12698de7"
  name = "github.com/onsi/gomega"
  packages = [
    ".",
    "format",
    "internal/assertion",
    "internal/asyncassertion",
    "internal/oraclematcher",
    "internal/testingtsupport",
    "matchers",
    "matchers/support/goraph/bipartitegraph",
    "matchers/support/goraph/edge",
    "matchers/support/goraph/node",
    "matchers/support/goraph/util",
    "types",
  ]
  pruneopts = ""
  revision = "c893efa28eb45626cdaa76c9f653b62488858837"
  version = "v1.2.0"

[[projects]]
  digest = "1:9c740db1f7015dffa093aa5c70862d277fe49f5e92b56ca5d0d69ef0e37c01db"
  name = "github.com/pelletier/go-toml"
  packages = ["."]
  pruneopts = ""
  revision = "16398bac157da96aa88f98a2df640c7f32af1da2"
  version = "v1.0.1"

[[projects]]
  branch = "master"
  digest = "1:edf55a9a482f7883632a230443fc11d09a5ddb1eadc6c9457c01c75b7625a406"
  name = "github.com/pkg/errors"
  packages = ["."]
  pruneopts = ""
  revision = "816c9085562cd7ee03e7f8188a1cfd942858cded"

[[projects]]
  digest = "1:3ac248add5bb40a3c631c5334adcd09aa72d15af2768a5bc0274084ea7b2e5ba"
  name = "github.com/sirupsen/logrus"
  packages = ["."]
  pruneopts = ""
  revision = "f006c2ac4710855cf0f916dd6b77acf6b048dc6e"
  version = "v1.0.3"

[[projects]]
  branch = "master"
  digest = "1:41c42c90e5937fe6daf97ea35ab201118b2b88cc45ec9f7244f9ecb26c2fa27e"
  name = "github.com/spf13/afero"
  packages = [
    ".",
    "mem",
  ]
  pruneopts = ""
  revision = "e67d870304c4bca21331b02f414f970df13aa694"

[[projects]]
  digest = "1:6ff9b74bfea2625f805edec59395dc37e4a06458dd3c14e3372337e3d35a2ed6"
  name = "github.com/spf13/cast"
  packages = ["."]
  pruneopts = ""
  revision = "acbeb36b902d72a7a4c18e8f3241075e7ab763e4"
  version = "v1.1.0"

[[projects]]
  branch = "master"
  digest = "1:5cb42b990db5dc48b8bc23b6ee77b260713ba3244ca495cd1ed89533dc482a49"
  name = "github.com/spf13/jwalterweatherman"
  packages = ["."]
  pruneopts = ""
  revision = "12bd96e66386c1960ab0f74ced1362f66f552f7b"

[[projects]]
  digest = "1:261bc565833ef4f02121450d74eb88d5ae4bd74bfe5d0e862cddb8550ec35000"
  name = "github.com/spf13/pflag"
  packages = ["."]
  pruneopts = ""
  revision = "e57e3eeb33f795204c1ca35f56c44f83227c6e66"
  version = "v1.0.0"

[[projects]]
  digest = "1:59354ad53dfe6ed1b941844cb029cd37c0377598eec3a0d49c03aee2375ef9c4"
  name = "github.com/spf13/viper"
  packages = ["."]
  pruneopts = ""
  revision = "25b30aa063fc18e48662b86996252eabdcf2f0c7"
  version = "v1.0.0"

[[projects]]
  digest = "1:ccc73a5229ced947fd191b7a1a182c21a6c82d1c24a21612274f72da66286a59"
  name = "github.com/toqueteos/webbrowser"
  packages = ["."]
  pruneopts = ""
  revision = "21fc9f95c83442fd164094666f7cb4f9fdd56cd6"
  version = "v1.0"

[[projects]]
  branch = "master"
  digest = "1:ba52e5a5fb800ce55108b7a5f181bb809aab71c16736051312b0aa969f82ad39"
  name = "github.com/tsenart/deadcode"
  packages = ["."]
  pruneopts = ""
  revision = "210d2dc333e90c7e3eedf4f2242507a8e83ed4ab"

[[projects]]
  digest = "1:8143ea52154df4cf52589d780ad447f625978a4c29713200842ccaa7c532350a"
  name = "github.com/tylerb/graceful"
  packages = ["."]
  pruneopts = ""
  revision = "4654dfbb6ad53cb5e27f37d99b02e16c1872fbbb"
  version = "v1.2.15"

[[projects]]
  digest = "1:e85837cb04b78f61688c6eba93ea9d14f60d611e2aaf8319999b1a60d2dafbfa"
  name = "github.com/urfave/cli"
  packages = ["."]
  pruneopts = ""
  revision = "cfb38830724cc34fedffe9a2a29fb54fa9169cd1"
  version = "v1.20.0"

[[projects]]
  branch = "master"
  digest = "1:d2438f1c85d855408197edcbac2ba137513738ccefbd12396b0af99d5449880b"
  name = "golang.org/x/crypto"
  packages = [
    "ed25519",
    "ed25519/internal/edwards25519",
    "pbkdf2",
    "scrypt",
    "ssh/terminal",
  ]
  pruneopts = ""
  revision = "9419663f5a44be8b34ca85f08abc5fe1be11f8a3"

[[projects]]
  branch = "master"
  digest = "1:99dc4c94284ccd0d515bc11c906edcc33da407af228c6cf75b6f20e2cd3e6ab6"
  name = "golang.org/x/lint"
  packages = [
    ".",
    "golint",
  ]
  pruneopts = ""
  revision = "959b441ac422379a43da2230f62be024250818b0"

[[projects]]
  branch = "master"
  digest = "1:1418c6b5c10b5e07fb4c90a24227f6493e19ad4d31177d66458115fc47669fb5"
  name = "golang.org/x/net"
  packages = [
    "context",
    "context/ctxhttp",
    "html",
    "html/atom",
    "html/charset",
    "idna",
  ]
  pruneopts = ""
  revision = "1087133bc4af3073e18add999345c6ae75918503"

[[projects]]
  branch = "master"
  digest = "1:592c05f04f63351794bf9ed84492a1057285bd82d0c1eb1972cc200345f00d95"
  name = "golang.org/x/sys"
  packages = [
    "unix",
    "windows",
  ]
  pruneopts = ""
  revision = "8dbc5d05d6edcc104950cc299a1ce6641235bc86"

[[projects]]
  branch = "master"
  digest = "1:706747bb1e3f870cf0dc52459cb94324cd347142fff3b61db56c0157a5f598d0"
  name = "golang.org/x/text"
  packages = [
    "collate",
    "collate/build",
    "encoding",
    "encoding/charmap",
    "encoding/htmlindex",
    "encoding/internal",
    "encoding/internal/identifier",
    "encoding/japanese",
    "encoding/korean",
    "encoding/simplifiedchinese",
    "encoding/traditionalchinese",
    "encoding/unicode",
    "internal/colltab",
    "internal/gen",
    "internal/tag",
    "internal/triegen",
    "internal/ucd",
    "internal/utf8internal",
    "language",
    "runes",
    "secure/bidirule",
    "transform",
    "unicode/bidi",
    "unicode/cldr",
    "unicode/norm",
    "unicode/rangetable",
    "width",
  ]
  pruneopts = ""
  revision = "c01e4764d870b77f8abe5096ee19ad20d80e8075"

[[projects]]
  branch = "master"
  digest = "1:1ea7513f5a6fbb398ebf43694b772fd9634c0aad654b7503425fb51a32225188"
  name = "golang.org/x/tools"
  packages = [
    "go/ast/astutil",
    "go/buildutil",
    "go/gcexportdata",
    "go/gcimporter15",
    "go/loader",
    "go/types/typeutil",
    "imports",
  ]
  pruneopts = ""
  revision = "9bd2f442688b66c5289262d70f537c2ecf81d7de"

[[projects]]
  branch = "v3-unstable"
  digest = "1:7dd03663d3e315feff88dace6a6cb180fda8139a4420b4140679221af0fb5b1b"
  name = "gopkg.in/alecthomas/kingpin.v3-unstable"
  packages = ["."]
  pruneopts = ""
  revision = "63abe20a23e29e80bbef8089bd3dee3ac25e5306"

[[projects]]
  branch = "v2"
  digest = "1:c80894778314c7fb90d94a5ab925214900e1341afeddc953cda7398b8cdcd006"
  name = "gopkg.in/mgo.v2"
  packages = [
    "bson",
    "internal/json",
  ]
  pruneopts = ""
  revision = "3f83fa5005286a7fe593b055f0d7771a7dce4655"

[[projects]]
  branch = "v2"
  digest = "1:81314a486195626940617e43740b4fa073f265b0715c9f54ce2027fee1cb5f61"
  name = "gopkg.in/yaml.v2"
  packages = ["."]
  pruneopts = ""
  revision = "eb3733d160e74a9c7e442f435eb3bea458e1d19f"

[[projects]]
  digest = "1:4e791122a5e8e99526bfd1534ee34656091fb051ba797792e871b724aac90155"
  name = "honnef.co/go/tools"
  packages = [
    "cmd/gosimple",
    "internal/sharedcheck",
    "lint",
    "lint/lintutil",
    "simple",
    "ssa",
    "ssa/ssautil",
    "version",
  ]
  pruneopts = ""
  revision = "e5147431c7c056bd6ef33ad2f23c846f835571dd"
  version = "2017.1"

[solve-meta]
  analyzer-name = "dep"
  analyzer-version = 1
  input-imports = [
    "github.com/alecthomas/gometalinter",
    "github.com/asaskevich/govalidator",
    "github.com/client9/misspell/cmd/misspell",
    "github.com/go-openapi/errors",
    "github.com/go-openapi/runtime",
    "github.com/go-openapi/runtime/client",
    "github.com/go-openapi/strfmt",
    "github.com/go-openapi/swag",
    "github.com/go-openapi/validate",
    "github.com/go-swagger/go-swagger/cmd/swagger",
    "github.com/go-zoo/bone",
    "github.com/gobuffalo/packr",
    "github.com/gordonklaus/ineffassign",
    "github.com/manifoldco/go-base32",
    "github.com/manifoldco/go-base64",
    "github.com/manifoldco/go-connector",
    "github.com/manifoldco/go-connector/errors",
    "github.com/manifoldco/go-jwt",
    "github.com/manifoldco/go-manifold",
    "github.com/manifoldco/go-manifold/errors",
    "github.com/manifoldco/go-manifold/idtype",
    "github.com/manifoldco/go-manifold/names",
    "github.com/manifoldco/go-signature",
    "github.com/manifoldco/promptui",
    "github.com/onsi/gomega",
    "github.com/onsi/gomega/format",
    "github.com/pkg/errors",
    "github.com/sirupsen/logrus",
    "github.com/tsenart/deadcode",
    "github.com/urfave/cli",
    "golang.org/x/crypto/ed25519",
    "golang.org/x/lint/golint",
    "golang.org/x/net/context",
    "honnef.co/go/tools/cmd/gosimple",
  ]
  solver-name = "gps-cdcl"
  solver-version = 1
